
Microsoft Visual Studio Solution File, Format Version 12.00
# Visual Studio Version 17
VisualStudioVersion = 17.0.31903.59
MinimumVisualStudioVersion = 10.0.40219.1
Project("{FAE04EC0-301F-11D3-BF4B-00C04F79EFBC}") = "Lab10Lib", "Lab10Lib\Lab10Lib.csproj", "{05BFA031-2505-4B58-9922-1C9E827E8BE7}"
EndProject
Project("{FAE04EC0-301F-11D3-BF4B-00C04F79EFBC}") = "Lab10", "Lab10\Lab10.csproj", "{1085AD6A-88BC-4779-95E9-9F87AAFFA438}"
EndProject
Project("{FAE04EC0-301F-11D3-BF4B-00C04F79EFBC}") = "ConsoleIOLib", "..\..\ConsoleIOLib\ConsoleIOLib\ConsoleIOLib.csproj", "{9A1EA980-F4E9-416C-BA0C-A6304F46ABF9}"
EndProject
Project("{FAE04EC0-301F-11D3-BF4B-00C04F79EFBC}") = "ConsoleDialogLib", "..\..\ConsoleDialogLib\ConsoleDialogLib\ConsoleDialogLib.csproj", "{A6EEED9C-B632-4981-B509-4AEA7D0E8A77}"
EndProject
Project("{FAE04EC0-301F-11D3-BF4B-00C04F79EFBC}") = "Lab10LibTests", "Lab10LibTests\Lab10LibTests.csproj", "{E7221580-588D-4D75-8993-CEECDD555139}"
EndProject
Global
	GlobalSection(SolutionConfigurationPlatforms) = preSolution
		Debug|Any CPU = Debug|Any CPU
		Release|Any CPU = Release|Any CPU
	EndGlobalSection
	GlobalSection(SolutionProperties) = preSolution
		HideSolutionNode = FALSE
	EndGlobalSection
	GlobalSection(ProjectConfigurationPlatforms) = postSolution
		{05BFA031-2505-4B58-9922-1C9E827E8BE7}.Debug|Any CPU.ActiveCfg = Debug|Any CPU
		{05BFA031-2505-4B58-9922-1C9E827E8BE7}.Debug|Any CPU.Build.0 = Debug|Any CPU
		{05BFA031-2505-4B58-9922-1C9E827E8BE7}.Release|Any CPU.ActiveCfg = Release|Any CPU
		{05BFA031-2505-4B58-9922-1C9E827E8BE7}.Release|Any CPU.Build.0 = Release|Any CPU
		{1085AD6A-88BC-4779-95E9-9F87AAFFA438}.Debug|Any CPU.ActiveCfg = Debug|Any CPU
		{1085AD6A-88BC-4779-95E9-9F87AAFFA438}.Debug|Any CPU.Build.0 = Debug|Any CPU
		{1085AD6A-88BC-4779-95E9-9F87AAFFA438}.Release|Any CPU.ActiveCfg = Release|Any CPU
		{1085AD6A-88BC-4779-95E9-9F87AAFFA438}.Release|Any CPU.Build.0 = Release|Any CPU
		{9A1EA980-F4E9-416C-BA0C-A6304F46ABF9}.Debug|Any CPU.ActiveCfg = Debug|Any CPU
		{9A1EA980-F4E9-416C-BA0C-A6304F46ABF9}.Debug|Any CPU.Build.0 = Debug|Any CPU
		{9A1EA980-F4E9-416C-BA0C-A6304F46ABF9}.Release|Any CPU.ActiveCfg = Release|Any CPU
		{9A1EA980-F4E9-416C-BA0C-A6304F46ABF9}.Release|Any CPU.Build.0 = Release|Any CPU
		{A6EEED9C-B632-4981-B509-4AEA7D0E8A77}.Debug|Any CPU.ActiveCfg = Debug|Any CPU
		{A6EEED9C-B632-4981-B509-4AEA7D0E8A77}.Debug|Any CPU.Build.0 = Debug|Any CPU
		{A6EEED9C-B632-4981-B509-4AEA7D0E8A77}.Release|Any CPU.ActiveCfg = Release|Any CPU
		{A6EEED9C-B632-4981-B509-4AEA7D0E8A77}.Release|Any CPU.Build.0 = Release|Any CPU
		{E7221580-588D-4D75-8993-CEECDD555139}.Debug|Any CPU.ActiveCfg = Debug|Any CPU
		{E7221580-588D-4D75-8993-CEECDD555139}.Debug|Any CPU.Build.0 = Debug|Any CPU
		{E7221580-588D-4D75-8993-CEECDD555139}.Release|Any CPU.ActiveCfg = Release|Any CPU
		{E7221580-588D-4D75-8993-CEECDD555139}.Release|Any CPU.Build.0 = Release|Any CPU
	EndGlobalSection
EndGlobal
